
Microsoft Visual Studio Solution File, Format Version 12.00
# Visual Studio Version 16
VisualStudioVersion = 16.0.30011.22
MinimumVisualStudioVersion = 10.0.40219.1
Project("{9A19103F-16F7-4668-BE54-9A1E7A4F7556}") = "Web_Lab_Milevskaya_90311", "Web_Lab_Milevskaya_90311\Web_Lab_Milevskaya_90311.csproj", "{5F1209E6-0B27-4E58-ADB9-15F0BBB444FA}"
EndProject
Project("{9A19103F-16F7-4668-BE54-9A1E7A4F7556}") = "Web_Lab_Milevskaya_90311.DAL", "Web_Lab_Milevskaya_90311.DAL\Web_Lab_Milevskaya_90311.DAL.csproj", "{13EAE7CE-511E-45B6-A3C8-03C8BF54A467}"
EndProject
Project("{FAE04EC0-301F-11D3-BF4B-00C04F79EFBC}") = "Web_Lab_Milevskaya_90311.Tests", "XUnitTest_Milevskaya_90311\Web_Lab_Milevskaya_90311.Tests.csproj", "{94B97C9C-3151-4455-B0B5-3869857F1F71}"
EndProject
Global
	GlobalSection(SolutionConfigurationPlatforms) = preSolution
		Debug|Any CPU = Debug|Any CPU
		Release|Any CPU = Release|Any CPU
	EndGlobalSection
	GlobalSection(ProjectConfigurationPlatforms) = postSolution
		{5F1209E6-0B27-4E58-ADB9-15F0BBB444FA}.Debug|Any CPU.ActiveCfg = Debug|Any CPU
		{5F1209E6-0B27-4E58-ADB9-15F0BBB444FA}.Debug|Any CPU.Build.0 = Debug|Any CPU
		{5F1209E6-0B27-4E58-ADB9-15F0BBB444FA}.Release|Any CPU.ActiveCfg = Release|Any CPU
		{5F1209E6-0B27-4E58-ADB9-15F0BBB444FA}.Release|Any CPU.Build.0 = Release|Any CPU
		{13EAE7CE-511E-45B6-A3C8-03C8BF54A467}.Debug|Any CPU.ActiveCfg = Debug|Any CPU
		{13EAE7CE-511E-45B6-A3C8-03C8BF54A467}.Debug|Any CPU.Build.0 = Debug|Any CPU
		{13EAE7CE-511E-45B6-A3C8-03C8BF54A467}.Release|Any CPU.ActiveCfg = Release|Any CPU
		{13EAE7CE-511E-45B6-A3C8-03C8BF54A467}.Release|Any CPU.Build.0 = Release|Any CPU
		{94B97C9C-3151-4455-B0B5-3869857F1F71}.Debug|Any CPU.ActiveCfg = Debug|Any CPU
		{94B97C9C-3151-4455-B0B5-3869857F1F71}.Debug|Any CPU.Build.0 = Debug|Any CPU
		{94B97C9C-3151-4455-B0B5-3869857F1F71}.Release|Any CPU.ActiveCfg = Release|Any CPU
		{94B97C9C-3151-4455-B0B5-3869857F1F71}.Release|Any CPU.Build.0 = Release|Any CPU
	EndGlobalSection
	GlobalSection(SolutionProperties) = preSolution
		HideSolutionNode = FALSE
	EndGlobalSection
	GlobalSection(ExtensibilityGlobals) = postSolution
		SolutionGuid = {A685D093-B272-464D-B183-E9416E398020}
	EndGlobalSection
EndGlobal
